
Microsoft Visual Studio Solution File, Format Version 12.00
# Visual Studio 14
VisualStudioVersion = 14.0.23107.0
MinimumVisualStudioVersion = 10.0.40219.1
Project("{2150E333-8FDC-42A3-9474-1A3956D46DE8}") = "Client", "Client", "{068C8A9E-E608-4CF0-99FE-FF5F4AED8F9F}"
EndProject
Project("{2150E333-8FDC-42A3-9474-1A3956D46DE8}") = "Server", "Server", "{C9DFAAC7-B8A8-44B3-8885-39F052DA8651}"
EndProject
Project("{2150E333-8FDC-42A3-9474-1A3956D46DE8}") = "03_Presentation Layer", "03_Presentation Layer", "{E6AAF194-29F9-47DC-A09F-E8C1AE99436B}"
EndProject
Project("{2150E333-8FDC-42A3-9474-1A3956D46DE8}") = "02_Application Layer", "02_Application Layer", "{9847F5FA-B301-4376-9D8A-A6848EFBC153}"
EndProject
Project("{FAE04EC0-301F-11D3-BF4B-00C04F79EFBC}") = "Presentation", "Client\Presentation\Presentation.csproj", "{3A04D05C-4073-45CB-ABF7-8A2122A4135C}"
EndProject
Project("{FAE04EC0-301F-11D3-BF4B-00C04F79EFBC}") = "Application", "Client\Application\Application.csproj", "{EFA5D6E7-F798-4007-AFC2-F84494A87061}"
EndProject
Project("{2150E333-8FDC-42A3-9474-1A3956D46DE8}") = "02_Application Layer", "02_Application Layer", "{B016283D-56C6-42E0-AB7C-5E6F9DD4DDE1}"
EndProject
Project("{2150E333-8FDC-42A3-9474-1A3956D46DE8}") = "03_Presentation Layer", "03_Presentation Layer", "{145D84DD-CB0F-431A-8A30-F7DE772F036C}"
EndProject
Project("{FAE04EC0-301F-11D3-BF4B-00C04F79EFBC}") = "Presentation", "Server\Presentation\Presentation.csproj", "{3AE4842A-F47C-4139-947B-0EB2527EE5CE}"
EndProject
Project("{FAE04EC0-301F-11D3-BF4B-00C04F79EFBC}") = "Application", "Server\Application\Application.csproj", "{79DFCD64-3DB7-4B2C-8F3C-1CDBF831BA92}"
EndProject
Project("{2150E333-8FDC-42A3-9474-1A3956D46DE8}") = "Shared", "Shared", "{72C04B65-5405-46F3-8493-1E3376E2D6BD}"
EndProject
Project("{FAE04EC0-301F-11D3-BF4B-00C04F79EFBC}") = "SharedData", "Shared\Network\SharedData.csproj", "{B77EB4E1-2545-4178-8B30-891458C763E7}"
EndProject
Project("{2150E333-8FDC-42A3-9474-1A3956D46DE8}") = "Monitor", "Monitor", "{34EC554E-F5A0-4100-BECD-9B32DFF68C77}"
EndProject
Project("{2150E333-8FDC-42A3-9474-1A3956D46DE8}") = "02_Application Layer", "02_Application Layer", "{701DC207-EBEC-478B-8B25-70DD4ADC255C}"
EndProject
Project("{FAE04EC0-301F-11D3-BF4B-00C04F79EFBC}") = "Application", "Monitor\Application\Application.csproj", "{9759AD10-E569-4550-A1F6-F44B746BB4EB}"
EndProject
Project("{2150E333-8FDC-42A3-9474-1A3956D46DE8}") = "03_Presentation Layer", "03_Presentation Layer", "{6D6556D2-1459-4F1A-A3DC-3F3F2D4DCE1F}"
EndProject
Project("{FAE04EC0-301F-11D3-BF4B-00C04F79EFBC}") = "Presentation", "Monitor\Presentation\Presentation.csproj", "{891C11A3-F100-45A5-9C08-67C84E6045E2}"
EndProject
Global
	GlobalSection(SolutionConfigurationPlatforms) = preSolution
		Debug|Any CPU = Debug|Any CPU
		Release|Any CPU = Release|Any CPU
	EndGlobalSection
	GlobalSection(ProjectConfigurationPlatforms) = postSolution
		{3A04D05C-4073-45CB-ABF7-8A2122A4135C}.Debug|Any CPU.ActiveCfg = Debug|Any CPU
		{3A04D05C-4073-45CB-ABF7-8A2122A4135C}.Debug|Any CPU.Build.0 = Debug|Any CPU
		{3A04D05C-4073-45CB-ABF7-8A2122A4135C}.Release|Any CPU.ActiveCfg = Release|Any CPU
		{3A04D05C-4073-45CB-ABF7-8A2122A4135C}.Release|Any CPU.Build.0 = Release|Any CPU
		{EFA5D6E7-F798-4007-AFC2-F84494A87061}.Debug|Any CPU.ActiveCfg = Debug|Any CPU
		{EFA5D6E7-F798-4007-AFC2-F84494A87061}.Debug|Any CPU.Build.0 = Debug|Any CPU
		{EFA5D6E7-F798-4007-AFC2-F84494A87061}.Release|Any CPU.ActiveCfg = Release|Any CPU
		{EFA5D6E7-F798-4007-AFC2-F84494A87061}.Release|Any CPU.Build.0 = Release|Any CPU
		{3AE4842A-F47C-4139-947B-0EB2527EE5CE}.Debug|Any CPU.ActiveCfg = Debug|Any CPU
		{3AE4842A-F47C-4139-947B-0EB2527EE5CE}.Debug|Any CPU.Build.0 = Debug|Any CPU
		{3AE4842A-F47C-4139-947B-0EB2527EE5CE}.Release|Any CPU.ActiveCfg = Release|Any CPU
		{3AE4842A-F47C-4139-947B-0EB2527EE5CE}.Release|Any CPU.Build.0 = Release|Any CPU
		{79DFCD64-3DB7-4B2C-8F3C-1CDBF831BA92}.Debug|Any CPU.ActiveCfg = Debug|Any CPU
		{79DFCD64-3DB7-4B2C-8F3C-1CDBF831BA92}.Debug|Any CPU.Build.0 = Debug|Any CPU
		{79DFCD64-3DB7-4B2C-8F3C-1CDBF831BA92}.Release|Any CPU.ActiveCfg = Release|Any CPU
		{79DFCD64-3DB7-4B2C-8F3C-1CDBF831BA92}.Release|Any CPU.Build.0 = Release|Any CPU
		{B77EB4E1-2545-4178-8B30-891458C763E7}.Debug|Any CPU.ActiveCfg = Debug|Any CPU
		{B77EB4E1-2545-4178-8B30-891458C763E7}.Debug|Any CPU.Build.0 = Debug|Any CPU
		{B77EB4E1-2545-4178-8B30-891458C763E7}.Release|Any CPU.ActiveCfg = Release|Any CPU
		{B77EB4E1-2545-4178-8B30-891458C763E7}.Release|Any CPU.Build.0 = Release|Any CPU
		{9759AD10-E569-4550-A1F6-F44B746BB4EB}.Debug|Any CPU.ActiveCfg = Debug|Any CPU
		{9759AD10-E569-4550-A1F6-F44B746BB4EB}.Debug|Any CPU.Build.0 = Debug|Any CPU
		{9759AD10-E569-4550-A1F6-F44B746BB4EB}.Release|Any CPU.ActiveCfg = Release|Any CPU
		{9759AD10-E569-4550-A1F6-F44B746BB4EB}.Release|Any CPU.Build.0 = Release|Any CPU
		{891C11A3-F100-45A5-9C08-67C84E6045E2}.Debug|Any CPU.ActiveCfg = Debug|Any CPU
		{891C11A3-F100-45A5-9C08-67C84E6045E2}.Debug|Any CPU.Build.0 = Debug|Any CPU
		{891C11A3-F100-45A5-9C08-67C84E6045E2}.Release|Any CPU.ActiveCfg = Release|Any CPU
		{891C11A3-F100-45A5-9C08-67C84E6045E2}.Release|Any CPU.Build.0 = Release|Any CPU
	EndGlobalSection
	GlobalSection(SolutionProperties) = preSolution
		HideSolutionNode = FALSE
	EndGlobalSection
	GlobalSection(NestedProjects) = preSolution
		{E6AAF194-29F9-47DC-A09F-E8C1AE99436B} = {068C8A9E-E608-4CF0-99FE-FF5F4AED8F9F}
		{9847F5FA-B301-4376-9D8A-A6848EFBC153} = {068C8A9E-E608-4CF0-99FE-FF5F4AED8F9F}
		{3A04D05C-4073-45CB-ABF7-8A2122A4135C} = {E6AAF194-29F9-47DC-A09F-E8C1AE99436B}
		{EFA5D6E7-F798-4007-AFC2-F84494A87061} = {9847F5FA-B301-4376-9D8A-A6848EFBC153}
		{B016283D-56C6-42E0-AB7C-5E6F9DD4DDE1} = {C9DFAAC7-B8A8-44B3-8885-39F052DA8651}
		{145D84DD-CB0F-431A-8A30-F7DE772F036C} = {C9DFAAC7-B8A8-44B3-8885-39F052DA8651}
		{3AE4842A-F47C-4139-947B-0EB2527EE5CE} = {145D84DD-CB0F-431A-8A30-F7DE772F036C}
		{79DFCD64-3DB7-4B2C-8F3C-1CDBF831BA92} = {B016283D-56C6-42E0-AB7C-5E6F9DD4DDE1}
		{B77EB4E1-2545-4178-8B30-891458C763E7} = {72C04B65-5405-46F3-8493-1E3376E2D6BD}
		{701DC207-EBEC-478B-8B25-70DD4ADC255C} = {34EC554E-F5A0-4100-BECD-9B32DFF68C77}
		{9759AD10-E569-4550-A1F6-F44B746BB4EB} = {701DC207-EBEC-478B-8B25-70DD4ADC255C}
		{6D6556D2-1459-4F1A-A3DC-3F3F2D4DCE1F} = {34EC554E-F5A0-4100-BECD-9B32DFF68C77}
		{891C11A3-F100-45A5-9C08-67C84E6045E2} = {6D6556D2-1459-4F1A-A3DC-3F3F2D4DCE1F}
	EndGlobalSection
EndGlobal
